
Microsoft Visual Studio Solution File, Format Version 12.00
# Visual Studio 2012
Project("{FAE04EC0-301F-11D3-BF4B-00C04F79EFBC}") = "Mensaje_Receptor_Mao", "Mensaje_Receptor_Mao\Mensaje_Receptor_Mao.csproj", "{F24AF95F-7632-4CB5-A9E0-69F447D15A79}"
EndProject
Project("{FAE04EC0-301F-11D3-BF4B-00C04F79EFBC}") = "CapaNegocios", "CapaNegocios\CapaNegocios.csproj", "{BB5BD283-F55F-470B-8BEF-6459C2201127}"
EndProject
Global
	GlobalSection(SolutionConfigurationPlatforms) = preSolution
		Debug|Any CPU = Debug|Any CPU
		Release|Any CPU = Release|Any CPU
	EndGlobalSection
	GlobalSection(ProjectConfigurationPlatforms) = postSolution
		{F24AF95F-7632-4CB5-A9E0-69F447D15A79}.Debug|Any CPU.ActiveCfg = Debug|Any CPU
		{F24AF95F-7632-4CB5-A9E0-69F447D15A79}.Debug|Any CPU.Build.0 = Debug|Any CPU
		{F24AF95F-7632-4CB5-A9E0-69F447D15A79}.Release|Any CPU.ActiveCfg = Release|Any CPU
		{F24AF95F-7632-4CB5-A9E0-69F447D15A79}.Release|Any CPU.Build.0 = Release|Any CPU
		{BB5BD283-F55F-470B-8BEF-6459C2201127}.Debug|Any CPU.ActiveCfg = Debug|Any CPU
		{BB5BD283-F55F-470B-8BEF-6459C2201127}.Debug|Any CPU.Build.0 = Debug|Any CPU
		{BB5BD283-F55F-470B-8BEF-6459C2201127}.Release|Any CPU.ActiveCfg = Release|Any CPU
		{BB5BD283-F55F-470B-8BEF-6459C2201127}.Release|Any CPU.Build.0 = Release|Any CPU
	EndGlobalSection
	GlobalSection(SolutionProperties) = preSolution
		HideSolutionNode = FALSE
	EndGlobalSection
EndGlobal
